
Microsoft Visual Studio Solution File, Format Version 12.00
# Visual Studio Version 17
VisualStudioVersion = 17.0.31912.275
MinimumVisualStudioVersion = 10.0.40219.1
Project("{FAE04EC0-301F-11D3-BF4B-00C04F79EFBC}") = "HashingAndBST", "HashingAndBST\HashingAndBST.csproj", "{DCBDD0FB-91E8-47C3-8ED2-1F81185CE321}"
EndProject
Global
	GlobalSection(SolutionConfigurationPlatforms) = preSolution
		Debug|Any CPU = Debug|Any CPU
		Release|Any CPU = Release|Any CPU
	EndGlobalSection
	GlobalSection(ProjectConfigurationPlatforms) = postSolution
		{DCBDD0FB-91E8-47C3-8ED2-1F81185CE321}.Debug|Any CPU.ActiveCfg = Debug|Any CPU
		{DCBDD0FB-91E8-47C3-8ED2-1F81185CE321}.Debug|Any CPU.Build.0 = Debug|Any CPU
		{DCBDD0FB-91E8-47C3-8ED2-1F81185CE321}.Release|Any CPU.ActiveCfg = Release|Any CPU
		{DCBDD0FB-91E8-47C3-8ED2-1F81185CE321}.Release|Any CPU.Build.0 = Release|Any CPU
	EndGlobalSection
	GlobalSection(SolutionProperties) = preSolution
		HideSolutionNode = FALSE
	EndGlobalSection
	GlobalSection(ExtensibilityGlobals) = postSolution
		SolutionGuid = {4A35B53A-906A-4D57-9651-F5F42DE221DD}
	EndGlobalSection
EndGlobal
